{
  "version": "5",
  "specifiers": {
    "jsr:@cliffy/ansi@1.0.0-rc.7": "1.0.0-rc.7",
    "jsr:@cliffy/command@1.0.0-rc.7": "1.0.0-rc.7",
    "jsr:@cliffy/flags@1.0.0-rc.7": "1.0.0-rc.7",
    "jsr:@cliffy/internal@1.0.0-rc.7": "1.0.0-rc.7",
    "jsr:@cliffy/keycode@1.0.0-rc.7": "1.0.0-rc.7",
    "jsr:@cliffy/keypress@1.0.0-rc.7": "1.0.0-rc.7",
    "jsr:@cliffy/table@1.0.0-rc.7": "1.0.0-rc.7",
    "jsr:@eta-dev/eta@3.5.0": "3.5.0",
    "jsr:@std/encoding@~1.0.5": "1.0.7",
    "jsr:@std/fmt@1.0.3": "1.0.3",
    "jsr:@std/fmt@~1.0.2": "1.0.3",
    "jsr:@std/io@~0.224.9": "0.224.9",
    "jsr:@std/path@1.0.8": "1.0.8",
    "jsr:@std/text@~1.0.7": "1.0.15",
    "jsr:@std/yaml@1.0.5": "1.0.5",
    "npm:@types/node@*": "22.13.8",
    "npm:xdg-basedir@5.1.0": "5.1.0"
  },
  "jsr": {
    "@cliffy/ansi@1.0.0-rc.7": {
      "integrity": "f71c921cce224c13d322e5cedba4f38e8f7354c7d855c9cb22729362a53f25aa",
      "dependencies": [
        "jsr:@cliffy/internal",
        "jsr:@std/encoding",
        "jsr:@std/fmt@~1.0.2",
        "jsr:@std/io"
      ]
    },
    "@cliffy/command@1.0.0-rc.7": {
      "integrity": "1288808d7a3cd18b86c24c2f920e47a6d954b7e23cadc35c8cbd78f8be41f0cd",
      "dependencies": [
        "jsr:@cliffy/flags",
        "jsr:@cliffy/internal",
        "jsr:@cliffy/table",
        "jsr:@std/fmt@~1.0.2",
        "jsr:@std/text"
      ]
    },
    "@cliffy/flags@1.0.0-rc.7": {
      "integrity": "318d9be98f6a6417b108e03dec427dea96cdd41a15beb21d2554ae6da450a781",
      "dependencies": [
        "jsr:@std/text"
      ]
    },
    "@cliffy/internal@1.0.0-rc.7": {
      "integrity": "10412636ab3e67517d448be9eaab1b70c88eba9be22617b5d146257a11cc9b17"
    },
    "@cliffy/keycode@1.0.0-rc.7": {
      "integrity": "5b3f6c33994e81a76b79f108b1989642ac22705840da33781f7972d7dff05503"
    },
    "@cliffy/keypress@1.0.0-rc.7": {
      "integrity": "2453a63bf1cf097d6cd13c343cf4d4305b58266a0968f055fb4c49163f746cbd",
      "dependencies": [
        "jsr:@cliffy/internal",
        "jsr:@cliffy/keycode"
      ]
    },
    "@cliffy/table@1.0.0-rc.7": {
      "integrity": "9fdd9776eda28a0b397981c400eeb1aa36da2371b43eefe12e6ff555290e3180",
      "dependencies": [
        "jsr:@std/fmt@~1.0.2"
      ]
    },
    "@eta-dev/eta@3.5.0": {
      "integrity": "6b70827efc14c7cbf08498ac7a922ecab003641caf3852a6cb5b1b12ee58fb37"
    },
    "@std/encoding@1.0.7": {
      "integrity": "f631247c1698fef289f2de9e2a33d571e46133b38d042905e3eac3715030a82d"
    },
    "@std/fmt@1.0.3": {
      "integrity": "97765c16aa32245ff4e2204ecf7d8562496a3cb8592340a80e7e554e0bb9149f"
    },
    "@std/io@0.224.9": {
      "integrity": "4414664b6926f665102e73c969cfda06d2c4c59bd5d0c603fd4f1b1c840d6ee3"
    },
    "@std/path@1.0.8": {
      "integrity": "548fa456bb6a04d3c1a1e7477986b6cffbce95102d0bb447c67c4ee70e0364be"
    },
    "@std/text@1.0.15": {
      "integrity": "91f5cc1e12779a3d95f1be34e763f9c28a75a078b7360e6fcaef0d8d9b1e3e7f"
    },
    "@std/yaml@1.0.5": {
      "integrity": "71ba3d334305ee2149391931508b2c293a8490f94a337eef3a09cade1a2a2742"
    }
  },
  "npm": {
    "@types/node@22.13.8": {
      "integrity": "sha512-G3EfaZS+iOGYWLLRCEAXdWK9my08oHNZ+FHluRiggIYJPOXzhOiDgpVCUHaUvyIC5/fj7C/p637jdzC666AOKQ==",
      "dependencies": [
        "undici-types"
      ]
    },
    "undici-types@6.20.0": {
      "integrity": "sha512-Ny6QZ2Nju20vw1SRHe3d9jVu6gJ+4e3+MMpqu7pqE5HT6WsTSlce++GQmK5UXS8mzV8DSYHrQH+Xrf2jVcuKNg=="
    },
    "xdg-basedir@5.1.0": {
      "integrity": "sha512-GCPAHLvrIH13+c0SuacwvRYj2SxJXQ4kaVTT5xgL3kPrz56XxkF21IGhjSE1+W0aw7gpBWRGXLCPnPby6lSpmQ=="
    }
  },
  "workspace": {
    "dependencies": [
      "jsr:@cliffy/ansi@1.0.0-rc.7",
      "jsr:@cliffy/command@1.0.0-rc.7",
      "jsr:@cliffy/keypress@1.0.0-rc.7",
      "jsr:@cliffy/table@1.0.0-rc.7",
      "jsr:@eta-dev/eta@3.5.0",
      "jsr:@std/fmt@1.0.3",
      "jsr:@std/path@1.0.8",
      "jsr:@std/yaml@1.0.5",
      "npm:xdg-basedir@5.1.0"
    ]
  }
}
